
Microsoft Visual Studio Solution File, Format Version 11.00
# Visual Studio 2010
Project("{FAE04EC0-301F-11D3-BF4B-00C04F79EFBC}") = "ImageGradientMagnitude", "ImageGradientMagnitude\ImageGradientMagnitude.csproj", "{C4A51247-7CA7-47A4-B071-7E9C13867E67}"
EndProject
Global
	GlobalSection(SolutionConfigurationPlatforms) = preSolution
		Debug|x86 = Debug|x86
		Release|x86 = Release|x86
	EndGlobalSection
	GlobalSection(ProjectConfigurationPlatforms) = postSolution
		{C4A51247-7CA7-47A4-B071-7E9C13867E67}.Debug|x86.ActiveCfg = Debug|x86
		{C4A51247-7CA7-47A4-B071-7E9C13867E67}.Debug|x86.Build.0 = Debug|x86
		{C4A51247-7CA7-47A4-B071-7E9C13867E67}.Release|x86.ActiveCfg = Release|x86
		{C4A51247-7CA7-47A4-B071-7E9C13867E67}.Release|x86.Build.0 = Release|x86
	EndGlobalSection
	GlobalSection(MonoDevelopProperties) = preSolution
		StartupItem = ImageGradientMagnitude\ImageGradientMagnitude.csproj
	EndGlobalSection
EndGlobal
